// !$*UTF8*$!
{
	archiveVersion = 1;
	classes = {
	};
	objectVersion = 77;
	objects = {

/* Begin PBXBuildFile section */
		267F6B2A2D91B7DD0089BD6D /* MemoView.swift in Sources */ = {isa = PBXBuildFile; fileRef = 267F6B292D91B7DD0089BD6D /* MemoView.swift */; };
		267F6B322D93C4600089BD6D /* MemoCell.swift in Sources */ = {isa = PBXBuildFile; fileRef = 267F6B312D93C4600089BD6D /* MemoCell.swift */; };
		267F6B3E2D94F11A0089BD6D /* Date+String.swift in Sources */ = {isa = PBXBuildFile; fileRef = 267F6B3D2D94F11A0089BD6D /* Date+String.swift */; };
		267F6B3F2D94F11A0089BD6D /* Date+String.swift in Sources */ = {isa = PBXBuildFile; fileRef = 267F6B3D2D94F11A0089BD6D /* Date+String.swift */; };
		267F6B402D94F11A0089BD6D /* Date+String.swift in Sources */ = {isa = PBXBuildFile; fileRef = 267F6B3D2D94F11A0089BD6D /* Date+String.swift */; };
		269420F12D8A7D3600CB0837 /* CoreDataTestView.swift in Sources */ = {isa = PBXBuildFile; fileRef = 269420F02D8A7D3600CB0837 /* CoreDataTestView.swift */; };
		26D697B12D7ECA6200AC200C /* UserRecordModel.xcdatamodeld in Sources */ = {isa = PBXBuildFile; fileRef = 26D697AF2D7ECA6200AC200C /* UserRecordModel.xcdatamodeld */; };
		26D697B32D7EE39E00AC200C /* CoreDataService.swift in Sources */ = {isa = PBXBuildFile; fileRef = 26D697B22D7EE39E00AC200C /* CoreDataService.swift */; };
		26D697B62D7F2DDF00AC200C /* Memo+toEntity.swift in Sources */ = {isa = PBXBuildFile; fileRef = 26D697B52D7F2DDF00AC200C /* Memo+toEntity.swift */; };
		26D697B82D7F2DEF00AC200C /* ComfieZone+toEntity.swift in Sources */ = {isa = PBXBuildFile; fileRef = 26D697B72D7F2DEF00AC200C /* ComfieZone+toEntity.swift */; };
		26D697BA2D7F3D4700AC200C /* Memo+fromEntity.swift in Sources */ = {isa = PBXBuildFile; fileRef = 26D697B92D7F3D4700AC200C /* Memo+fromEntity.swift */; };
		26D697BC2D7F421A00AC200C /* CoreDataError.swift in Sources */ = {isa = PBXBuildFile; fileRef = 26D697BB2D7F421A00AC200C /* CoreDataError.swift */; };
		26D697BE2D7F43F400AC200C /* ComfieZone+fromEntity.swift in Sources */ = {isa = PBXBuildFile; fileRef = 26D697BD2D7F43F400AC200C /* ComfieZone+fromEntity.swift */; };
		510340EA2D776F5F0050C718 /* .gitignore in Resources */ = {isa = PBXBuildFile; fileRef = 510340E92D776F5F0050C718 /* .gitignore */; };
		510340EE2D777AA40050C718 /* .swiftlint.yml in Resources */ = {isa = PBXBuildFile; fileRef = 510340ED2D777AA40050C718 /* .swiftlint.yml */; };
		510340F62D777C260050C718 /* Preview Assets.xcassets in Resources */ = {isa = PBXBuildFile; fileRef = 510340F02D777C260050C718 /* Preview Assets.xcassets */; };
		510340F72D777C260050C718 /* Assets.xcassets in Resources */ = {isa = PBXBuildFile; fileRef = 510340F22D777C260050C718 /* Assets.xcassets */; };
		510340F82D777C260050C718 /* COMFIEApp.swift in Sources */ = {isa = PBXBuildFile; fileRef = 510340F32D777C260050C718 /* COMFIEApp.swift */; };
		510340FC2D777C290050C718 /* COMFIETests.swift in Sources */ = {isa = PBXBuildFile; fileRef = 510340FA2D777C290050C718 /* COMFIETests.swift */; };
		510341002D777C2B0050C718 /* COMFIEUITests.swift in Sources */ = {isa = PBXBuildFile; fileRef = 510340FD2D777C2B0050C718 /* COMFIEUITests.swift */; };
		510341012D777C2B0050C718 /* COMFIEUITestsLaunchTests.swift in Sources */ = {isa = PBXBuildFile; fileRef = 510340FE2D777C2B0050C718 /* COMFIEUITestsLaunchTests.swift */; };
		510341072D777E140050C718 /* OnboardingView.swift in Sources */ = {isa = PBXBuildFile; fileRef = 510341062D777E140050C718 /* OnboardingView.swift */; };
		510341092D7782670050C718 /* OnboardingStore.swift in Sources */ = {isa = PBXBuildFile; fileRef = 510341082D7782670050C718 /* OnboardingStore.swift */; };
		5103410C2D77828C0050C718 /* IntentStore.swift in Sources */ = {isa = PBXBuildFile; fileRef = 5103410B2D77828C0050C718 /* IntentStore.swift */; };
		510341112D7989B00050C718 /* LoadingView.swift in Sources */ = {isa = PBXBuildFile; fileRef = 510341102D7989B00050C718 /* LoadingView.swift */; };
		510341142D7993B80050C718 /* COMFIERoutingView.swift in Sources */ = {isa = PBXBuildFile; fileRef = 510341132D7993B80050C718 /* COMFIERoutingView.swift */; };
		510341162D7993D60050C718 /* Route.swift in Sources */ = {isa = PBXBuildFile; fileRef = 510341152D7993D60050C718 /* Route.swift */; };
		510341182D7993F20050C718 /* Router.swift in Sources */ = {isa = PBXBuildFile; fileRef = 510341172D7993F20050C718 /* Router.swift */; };
		5103411A2D7994130050C718 /* Router + navigate.swift in Sources */ = {isa = PBXBuildFile; fileRef = 510341192D7994130050C718 /* Router + navigate.swift */; };
		5103411F2D7997130050C718 /* MemoStore.swift in Sources */ = {isa = PBXBuildFile; fileRef = 5103411E2D7997130050C718 /* MemoStore.swift */; };
		510341252D79A58B0050C718 /* UserDefaultsService.swift in Sources */ = {isa = PBXBuildFile; fileRef = 510341242D79A58B0050C718 /* UserDefaultsService.swift */; };
		510341272D79A59A0050C718 /* UserDefaultsConstants.swift in Sources */ = {isa = PBXBuildFile; fileRef = 510341262D79A59A0050C718 /* UserDefaultsConstants.swift */; };
		510341292D79A5C60050C718 /* UserDefaultsError.swift in Sources */ = {isa = PBXBuildFile; fileRef = 510341282D79A5C60050C718 /* UserDefaultsError.swift */; };
		5103412C2D79ABC40050C718 /* ViewFactory.swift in Sources */ = {isa = PBXBuildFile; fileRef = 5103412B2D79ABC40050C718 /* ViewFactory.swift */; };
		517FCAC32D7AB2B100A250A3 /* Memo.swift in Sources */ = {isa = PBXBuildFile; fileRef = 517FCAC22D7AB2B100A250A3 /* Memo.swift */; };
		517FCAC52D7AB31100A250A3 /* ComfieZone.swift in Sources */ = {isa = PBXBuildFile; fileRef = 517FCAC42D7AB31100A250A3 /* ComfieZone.swift */; };
		51A7AFED2D802B4F00B50D1E /* Localizable.xcstrings in Resources */ = {isa = PBXBuildFile; fileRef = 51A7AFEC2D802B4F00B50D1E /* Localizable.xcstrings */; };
		51A7AFEE2D802B4F00B50D1E /* Localizable.xcstrings in Resources */ = {isa = PBXBuildFile; fileRef = 51A7AFEC2D802B4F00B50D1E /* Localizable.xcstrings */; };
		51A7AFEF2D802B4F00B50D1E /* Localizable.xcstrings in Resources */ = {isa = PBXBuildFile; fileRef = 51A7AFEC2D802B4F00B50D1E /* Localizable.xcstrings */; };
		51A7AFF12D802B6200B50D1E /* InfoPlist.xcstrings in Resources */ = {isa = PBXBuildFile; fileRef = 51A7AFF02D802B6200B50D1E /* InfoPlist.xcstrings */; };
		51A7AFF22D802B6200B50D1E /* InfoPlist.xcstrings in Resources */ = {isa = PBXBuildFile; fileRef = 51A7AFF02D802B6200B50D1E /* InfoPlist.xcstrings */; };
		51A7AFF32D802B6200B50D1E /* InfoPlist.xcstrings in Resources */ = {isa = PBXBuildFile; fileRef = 51A7AFF02D802B6200B50D1E /* InfoPlist.xcstrings */; };
		51A7AFF72D809DD600B50D1E /* LocalizedStringResource+localized.swift in Sources */ = {isa = PBXBuildFile; fileRef = 51A7AFF62D809DD600B50D1E /* LocalizedStringResource+localized.swift */; };
		51A7AFF82D809DD600B50D1E /* LocalizedStringResource+localized.swift in Sources */ = {isa = PBXBuildFile; fileRef = 51A7AFF62D809DD600B50D1E /* LocalizedStringResource+localized.swift */; };
		51A7AFF92D809DD600B50D1E /* LocalizedStringResource+localized.swift in Sources */ = {isa = PBXBuildFile; fileRef = 51A7AFF62D809DD600B50D1E /* LocalizedStringResource+localized.swift */; };
		51A7AFFB2D809E7700B50D1E /* StringLiterals+Popup.swift in Sources */ = {isa = PBXBuildFile; fileRef = 51A7AFFA2D809E7700B50D1E /* StringLiterals+Popup.swift */; };
		51A7AFFC2D809E7700B50D1E /* StringLiterals+Popup.swift in Sources */ = {isa = PBXBuildFile; fileRef = 51A7AFFA2D809E7700B50D1E /* StringLiterals+Popup.swift */; };
		51A7AFFD2D809E7700B50D1E /* StringLiterals+Popup.swift in Sources */ = {isa = PBXBuildFile; fileRef = 51A7AFFA2D809E7700B50D1E /* StringLiterals+Popup.swift */; };
		B9EA52F52D7C8F8A00A32305 /* Pretendard-Regular.otf in Resources */ = {isa = PBXBuildFile; fileRef = B9EA52F42D7C8F8A00A32305 /* Pretendard-Regular.otf */; };
		B9EA52F62D7C8F8A00A32305 /* Pretendard-Bold.otf in Resources */ = {isa = PBXBuildFile; fileRef = B9EA52F22D7C8F8A00A32305 /* Pretendard-Bold.otf */; };
		B9EA52F72D7C8F8A00A32305 /* Pretendard-Medium.otf in Resources */ = {isa = PBXBuildFile; fileRef = B9EA52F32D7C8F8A00A32305 /* Pretendard-Medium.otf */; };
		B9EA52F82D7C8F8A00A32305 /* Pretendard-Regular.otf in Resources */ = {isa = PBXBuildFile; fileRef = B9EA52F42D7C8F8A00A32305 /* Pretendard-Regular.otf */; };
		B9EA52F92D7C8F8A00A32305 /* Pretendard-Bold.otf in Resources */ = {isa = PBXBuildFile; fileRef = B9EA52F22D7C8F8A00A32305 /* Pretendard-Bold.otf */; };
		B9EA52FA2D7C8F8A00A32305 /* Pretendard-Medium.otf in Resources */ = {isa = PBXBuildFile; fileRef = B9EA52F32D7C8F8A00A32305 /* Pretendard-Medium.otf */; };
		B9EA52FB2D7C8F8A00A32305 /* Pretendard-Regular.otf in Resources */ = {isa = PBXBuildFile; fileRef = B9EA52F42D7C8F8A00A32305 /* Pretendard-Regular.otf */; };
		B9EA52FC2D7C8F8A00A32305 /* Pretendard-Bold.otf in Resources */ = {isa = PBXBuildFile; fileRef = B9EA52F22D7C8F8A00A32305 /* Pretendard-Bold.otf */; };
		B9EA52FD2D7C8F8A00A32305 /* Pretendard-Medium.otf in Resources */ = {isa = PBXBuildFile; fileRef = B9EA52F32D7C8F8A00A32305 /* Pretendard-Medium.otf */; };
		B9EA53002D7C907E00A32305 /* View+ComfieFonts.swift in Sources */ = {isa = PBXBuildFile; fileRef = B9EA52FF2D7C907300A32305 /* View+ComfieFonts.swift */; };
		B9EA53012D7C907E00A32305 /* View+ComfieFonts.swift in Sources */ = {isa = PBXBuildFile; fileRef = B9EA52FF2D7C907300A32305 /* View+ComfieFonts.swift */; };
		B9EA53022D7C907E00A32305 /* View+ComfieFonts.swift in Sources */ = {isa = PBXBuildFile; fileRef = B9EA52FF2D7C907300A32305 /* View+ComfieFonts.swift */; };
		B9EA53062D7CA2CA00A32305 /* CFPopupView.swift in Sources */ = {isa = PBXBuildFile; fileRef = B9EA53052D7CA2C300A32305 /* CFPopupView.swift */; };
		B9EA53072D7CA2CA00A32305 /* CFPopupView.swift in Sources */ = {isa = PBXBuildFile; fileRef = B9EA53052D7CA2C300A32305 /* CFPopupView.swift */; };
		B9EA53082D7CA2CA00A32305 /* CFPopupView.swift in Sources */ = {isa = PBXBuildFile; fileRef = B9EA53052D7CA2C300A32305 /* CFPopupView.swift */; };
		B9EA530A2D7CA51100A32305 /* CFPopupType.swift in Sources */ = {isa = PBXBuildFile; fileRef = B9EA53092D7CA50D00A32305 /* CFPopupType.swift */; };
		B9EA530B2D7CA51100A32305 /* CFPopupType.swift in Sources */ = {isa = PBXBuildFile; fileRef = B9EA53092D7CA50D00A32305 /* CFPopupType.swift */; };
		B9EA530C2D7CA51100A32305 /* CFPopupType.swift in Sources */ = {isa = PBXBuildFile; fileRef = B9EA53092D7CA50D00A32305 /* CFPopupType.swift */; };
		B9EA530F2D7CA5DC00A32305 /* StringLiterals.swift in Sources */ = {isa = PBXBuildFile; fileRef = B9EA530E2D7CA5DA00A32305 /* StringLiterals.swift */; };
		B9EA53102D7CA5DC00A32305 /* StringLiterals.swift in Sources */ = {isa = PBXBuildFile; fileRef = B9EA530E2D7CA5DA00A32305 /* StringLiterals.swift */; };
		B9EA53112D7CA5DC00A32305 /* StringLiterals.swift in Sources */ = {isa = PBXBuildFile; fileRef = B9EA530E2D7CA5DA00A32305 /* StringLiterals.swift */; };
/* End PBXBuildFile section */

/* Begin PBXContainerItemProxy section */
		510340BE2D776EE90050C718 /* PBXContainerItemProxy */ = {
			isa = PBXContainerItemProxy;
			containerPortal = 510340A52D776EE70050C718 /* Project object */;
			proxyType = 1;
			remoteGlobalIDString = 510340AC2D776EE70050C718;
			remoteInfo = COMFIE;
		};
		510340C82D776EE90050C718 /* PBXContainerItemProxy */ = {
			isa = PBXContainerItemProxy;
			containerPortal = 510340A52D776EE70050C718 /* Project object */;
			proxyType = 1;
			remoteGlobalIDString = 510340AC2D776EE70050C718;
			remoteInfo = COMFIE;
		};
/* End PBXContainerItemProxy section */

/* Begin PBXFileReference section */
		267F6B292D91B7DD0089BD6D /* MemoView.swift */ = {isa = PBXFileReference; lastKnownFileType = sourcecode.swift; path = MemoView.swift; sourceTree = "<group>"; };
		267F6B312D93C4600089BD6D /* MemoCell.swift */ = {isa = PBXFileReference; lastKnownFileType = sourcecode.swift; path = MemoCell.swift; sourceTree = "<group>"; };
		267F6B3D2D94F11A0089BD6D /* Date+String.swift */ = {isa = PBXFileReference; lastKnownFileType = sourcecode.swift; path = "Date+String.swift"; sourceTree = "<group>"; };
		269420C72D81B3FF00CB0837 /* COMFIE.entitlements */ = {isa = PBXFileReference; lastKnownFileType = text.plist.entitlements; path = COMFIE.entitlements; sourceTree = "<group>"; };
		269420F02D8A7D3600CB0837 /* CoreDataTestView.swift */ = {isa = PBXFileReference; lastKnownFileType = sourcecode.swift; path = CoreDataTestView.swift; sourceTree = "<group>"; };
		26D697B02D7ECA6200AC200C /* UserRecordModel.xcdatamodel */ = {isa = PBXFileReference; lastKnownFileType = wrapper.xcdatamodel; path = UserRecordModel.xcdatamodel; sourceTree = "<group>"; };
		26D697B22D7EE39E00AC200C /* CoreDataService.swift */ = {isa = PBXFileReference; lastKnownFileType = sourcecode.swift; path = CoreDataService.swift; sourceTree = "<group>"; };
		26D697B52D7F2DDF00AC200C /* Memo+toEntity.swift */ = {isa = PBXFileReference; lastKnownFileType = sourcecode.swift; path = "Memo+toEntity.swift"; sourceTree = "<group>"; };
		26D697B72D7F2DEF00AC200C /* ComfieZone+toEntity.swift */ = {isa = PBXFileReference; lastKnownFileType = sourcecode.swift; path = "ComfieZone+toEntity.swift"; sourceTree = "<group>"; };
		26D697B92D7F3D4700AC200C /* Memo+fromEntity.swift */ = {isa = PBXFileReference; lastKnownFileType = sourcecode.swift; path = "Memo+fromEntity.swift"; sourceTree = "<group>"; };
		26D697BB2D7F421A00AC200C /* CoreDataError.swift */ = {isa = PBXFileReference; lastKnownFileType = sourcecode.swift; path = CoreDataError.swift; sourceTree = "<group>"; };
		26D697BD2D7F43F400AC200C /* ComfieZone+fromEntity.swift */ = {isa = PBXFileReference; lastKnownFileType = sourcecode.swift; path = "ComfieZone+fromEntity.swift"; sourceTree = "<group>"; };
		510340AD2D776EE70050C718 /* COMFIE.app */ = {isa = PBXFileReference; explicitFileType = wrapper.application; includeInIndex = 0; path = COMFIE.app; sourceTree = BUILT_PRODUCTS_DIR; };
		510340BD2D776EE90050C718 /* COMFIETests.xctest */ = {isa = PBXFileReference; explicitFileType = wrapper.cfbundle; includeInIndex = 0; path = COMFIETests.xctest; sourceTree = BUILT_PRODUCTS_DIR; };
		510340C72D776EE90050C718 /* COMFIEUITests.xctest */ = {isa = PBXFileReference; explicitFileType = wrapper.cfbundle; includeInIndex = 0; path = COMFIEUITests.xctest; sourceTree = BUILT_PRODUCTS_DIR; };
		510340E92D776F5F0050C718 /* .gitignore */ = {isa = PBXFileReference; lastKnownFileType = text; path = .gitignore; sourceTree = "<group>"; };
		510340ED2D777AA40050C718 /* .swiftlint.yml */ = {isa = PBXFileReference; lastKnownFileType = text.yaml; path = .swiftlint.yml; sourceTree = "<group>"; };
		510340F02D777C260050C718 /* Preview Assets.xcassets */ = {isa = PBXFileReference; lastKnownFileType = folder.assetcatalog; path = "Preview Assets.xcassets"; sourceTree = "<group>"; };
		510340F22D777C260050C718 /* Assets.xcassets */ = {isa = PBXFileReference; lastKnownFileType = folder.assetcatalog; path = Assets.xcassets; sourceTree = "<group>"; };
		510340F32D777C260050C718 /* COMFIEApp.swift */ = {isa = PBXFileReference; lastKnownFileType = sourcecode.swift; path = COMFIEApp.swift; sourceTree = "<group>"; };
		510340FA2D777C290050C718 /* COMFIETests.swift */ = {isa = PBXFileReference; lastKnownFileType = sourcecode.swift; path = COMFIETests.swift; sourceTree = "<group>"; };
		510340FD2D777C2B0050C718 /* COMFIEUITests.swift */ = {isa = PBXFileReference; lastKnownFileType = sourcecode.swift; path = COMFIEUITests.swift; sourceTree = "<group>"; };
		510340FE2D777C2B0050C718 /* COMFIEUITestsLaunchTests.swift */ = {isa = PBXFileReference; lastKnownFileType = sourcecode.swift; path = COMFIEUITestsLaunchTests.swift; sourceTree = "<group>"; };
		510341062D777E140050C718 /* OnboardingView.swift */ = {isa = PBXFileReference; lastKnownFileType = sourcecode.swift; path = OnboardingView.swift; sourceTree = "<group>"; };
		510341082D7782670050C718 /* OnboardingStore.swift */ = {isa = PBXFileReference; lastKnownFileType = sourcecode.swift; path = OnboardingStore.swift; sourceTree = "<group>"; };
		5103410B2D77828C0050C718 /* IntentStore.swift */ = {isa = PBXFileReference; lastKnownFileType = sourcecode.swift; path = IntentStore.swift; sourceTree = "<group>"; };
		510341102D7989B00050C718 /* LoadingView.swift */ = {isa = PBXFileReference; lastKnownFileType = sourcecode.swift; path = LoadingView.swift; sourceTree = "<group>"; };
		510341132D7993B80050C718 /* COMFIERoutingView.swift */ = {isa = PBXFileReference; lastKnownFileType = sourcecode.swift; path = COMFIERoutingView.swift; sourceTree = "<group>"; };
		510341152D7993D60050C718 /* Route.swift */ = {isa = PBXFileReference; lastKnownFileType = sourcecode.swift; path = Route.swift; sourceTree = "<group>"; };
		510341172D7993F20050C718 /* Router.swift */ = {isa = PBXFileReference; lastKnownFileType = sourcecode.swift; path = Router.swift; sourceTree = "<group>"; };
		510341192D7994130050C718 /* Router + navigate.swift */ = {isa = PBXFileReference; lastKnownFileType = sourcecode.swift; path = "Router + navigate.swift"; sourceTree = "<group>"; };
		5103411E2D7997130050C718 /* MemoStore.swift */ = {isa = PBXFileReference; lastKnownFileType = sourcecode.swift; path = MemoStore.swift; sourceTree = "<group>"; };
		510341242D79A58B0050C718 /* UserDefaultsService.swift */ = {isa = PBXFileReference; lastKnownFileType = sourcecode.swift; path = UserDefaultsService.swift; sourceTree = "<group>"; };
		510341262D79A59A0050C718 /* UserDefaultsConstants.swift */ = {isa = PBXFileReference; lastKnownFileType = sourcecode.swift; path = UserDefaultsConstants.swift; sourceTree = "<group>"; };
		510341282D79A5C60050C718 /* UserDefaultsError.swift */ = {isa = PBXFileReference; lastKnownFileType = sourcecode.swift; path = UserDefaultsError.swift; sourceTree = "<group>"; };
		5103412B2D79ABC40050C718 /* ViewFactory.swift */ = {isa = PBXFileReference; lastKnownFileType = sourcecode.swift; path = ViewFactory.swift; sourceTree = "<group>"; };
		517FCAC22D7AB2B100A250A3 /* Memo.swift */ = {isa = PBXFileReference; lastKnownFileType = sourcecode.swift; path = Memo.swift; sourceTree = "<group>"; };
		517FCAC42D7AB31100A250A3 /* ComfieZone.swift */ = {isa = PBXFileReference; lastKnownFileType = sourcecode.swift; path = ComfieZone.swift; sourceTree = "<group>"; };
		51A7AFEC2D802B4F00B50D1E /* Localizable.xcstrings */ = {isa = PBXFileReference; lastKnownFileType = text.json.xcstrings; path = Localizable.xcstrings; sourceTree = "<group>"; };
		51A7AFF02D802B6200B50D1E /* InfoPlist.xcstrings */ = {isa = PBXFileReference; lastKnownFileType = text.json.xcstrings; path = InfoPlist.xcstrings; sourceTree = "<group>"; };
		51A7AFF62D809DD600B50D1E /* LocalizedStringResource+localized.swift */ = {isa = PBXFileReference; lastKnownFileType = sourcecode.swift; path = "LocalizedStringResource+localized.swift"; sourceTree = "<group>"; };
		51A7AFFA2D809E7700B50D1E /* StringLiterals+Popup.swift */ = {isa = PBXFileReference; lastKnownFileType = sourcecode.swift; path = "StringLiterals+Popup.swift"; sourceTree = "<group>"; };
		B9EA52F22D7C8F8A00A32305 /* Pretendard-Bold.otf */ = {isa = PBXFileReference; lastKnownFileType = file; path = "Pretendard-Bold.otf"; sourceTree = "<group>"; };
		B9EA52F32D7C8F8A00A32305 /* Pretendard-Medium.otf */ = {isa = PBXFileReference; lastKnownFileType = file; path = "Pretendard-Medium.otf"; sourceTree = "<group>"; };
		B9EA52F42D7C8F8A00A32305 /* Pretendard-Regular.otf */ = {isa = PBXFileReference; lastKnownFileType = file; path = "Pretendard-Regular.otf"; sourceTree = "<group>"; };
		B9EA52FF2D7C907300A32305 /* View+ComfieFonts.swift */ = {isa = PBXFileReference; lastKnownFileType = sourcecode.swift; path = "View+ComfieFonts.swift"; sourceTree = "<group>"; };
		B9EA53032D7C952800A32305 /* Info.plist */ = {isa = PBXFileReference; lastKnownFileType = text.plist; path = Info.plist; sourceTree = "<group>"; };
		B9EA53052D7CA2C300A32305 /* CFPopupView.swift */ = {isa = PBXFileReference; lastKnownFileType = sourcecode.swift; path = CFPopupView.swift; sourceTree = "<group>"; };
		B9EA53092D7CA50D00A32305 /* CFPopupType.swift */ = {isa = PBXFileReference; lastKnownFileType = sourcecode.swift; path = CFPopupType.swift; sourceTree = "<group>"; };
		B9EA530E2D7CA5DA00A32305 /* StringLiterals.swift */ = {isa = PBXFileReference; lastKnownFileType = sourcecode.swift; path = StringLiterals.swift; sourceTree = "<group>"; };
/* End PBXFileReference section */

/* Begin PBXFrameworksBuildPhase section */
		510340AA2D776EE70050C718 /* Frameworks */ = {
			isa = PBXFrameworksBuildPhase;
			buildActionMask = 2147483647;
			files = (
			);
			runOnlyForDeploymentPostprocessing = 0;
		};
		510340BA2D776EE90050C718 /* Frameworks */ = {
			isa = PBXFrameworksBuildPhase;
			buildActionMask = 2147483647;
			files = (
			);
			runOnlyForDeploymentPostprocessing = 0;
		};
		510340C42D776EE90050C718 /* Frameworks */ = {
			isa = PBXFrameworksBuildPhase;
			buildActionMask = 2147483647;
			files = (
			);
			runOnlyForDeploymentPostprocessing = 0;
		};
/* End PBXFrameworksBuildPhase section */

/* Begin PBXGroup section */
		26D697AE2D7EC88800AC200C /* CoreData */ = {
			isa = PBXGroup;
			children = (
				26D697B42D7F2DCE00AC200C /* Extensions */,
				26D697AF2D7ECA6200AC200C /* UserRecordModel.xcdatamodeld */,
				26D697B22D7EE39E00AC200C /* CoreDataService.swift */,
				26D697BB2D7F421A00AC200C /* CoreDataError.swift */,
				269420F02D8A7D3600CB0837 /* CoreDataTestView.swift */,
			);
			path = CoreData;
			sourceTree = "<group>";
		};
		26D697B42D7F2DCE00AC200C /* Extensions */ = {
			isa = PBXGroup;
			children = (
				26D697B52D7F2DDF00AC200C /* Memo+toEntity.swift */,
				26D697B72D7F2DEF00AC200C /* ComfieZone+toEntity.swift */,
				26D697B92D7F3D4700AC200C /* Memo+fromEntity.swift */,
				26D697BD2D7F43F400AC200C /* ComfieZone+fromEntity.swift */,
			);
			path = Extensions;
			sourceTree = "<group>";
		};
		510340A42D776EE70050C718 = {
			isa = PBXGroup;
			children = (
				510340ED2D777AA40050C718 /* .swiftlint.yml */,
				510340E92D776F5F0050C718 /* .gitignore */,
				510340F52D777C260050C718 /* COMFIE */,
				510340FB2D777C290050C718 /* COMFIETests */,
				510340FF2D777C2B0050C718 /* COMFIEUITests */,
				510340AE2D776EE70050C718 /* Products */,
			);
			sourceTree = "<group>";
		};
		510340AE2D776EE70050C718 /* Products */ = {
			isa = PBXGroup;
			children = (
				510340AD2D776EE70050C718 /* COMFIE.app */,
				510340BD2D776EE90050C718 /* COMFIETests.xctest */,
				510340C72D776EE90050C718 /* COMFIEUITests.xctest */,
			);
			name = Products;
			sourceTree = "<group>";
		};
		510340F12D777C260050C718 /* Preview Content */ = {
			isa = PBXGroup;
			children = (
				510340F02D777C260050C718 /* Preview Assets.xcassets */,
			);
			path = "Preview Content";
			sourceTree = "<group>";
		};
		510340F52D777C260050C718 /* COMFIE */ = {
			isa = PBXGroup;
			children = (
				B9EA53032D7C952800A32305 /* Info.plist */,
				269420C72D81B3FF00CB0837 /* COMFIE.entitlements */,
				510341022D777C3B0050C718 /* App */,
				510341042D777D000050C718 /* Presentation */,
				517FCAC02D7AB29900A250A3 /* Domain */,
				510341202D79A5460050C718 /* Data */,
				510341032D777C460050C718 /* Resources */,
			);
			path = COMFIE;
			sourceTree = "<group>";
		};
		510340FB2D777C290050C718 /* COMFIETests */ = {
			isa = PBXGroup;
			children = (
				510340FA2D777C290050C718 /* COMFIETests.swift */,
			);
			path = COMFIETests;
			sourceTree = "<group>";
		};
		510340FF2D777C2B0050C718 /* COMFIEUITests */ = {
			isa = PBXGroup;
			children = (
				510340FD2D777C2B0050C718 /* COMFIEUITests.swift */,
				510340FE2D777C2B0050C718 /* COMFIEUITestsLaunchTests.swift */,
			);
			path = COMFIEUITests;
			sourceTree = "<group>";
		};
		510341022D777C3B0050C718 /* App */ = {
			isa = PBXGroup;
			children = (
				5103412A2D79ABB60050C718 /* DIContainer */,
				510341122D7993A90050C718 /* Router */,
				510340F32D777C260050C718 /* COMFIEApp.swift */,
				510341132D7993B80050C718 /* COMFIERoutingView.swift */,
			);
			path = App;
			sourceTree = "<group>";
		};
		510341032D777C460050C718 /* Resources */ = {
			isa = PBXGroup;
			children = (
				51A7AFEB2D802AFF00B50D1E /* Localization */,
				B9EA52FE2D7C906D00A32305 /* Extensions */,
				5103410D2D7782C00050C718 /* DesignSystem */,
				510340F12D777C260050C718 /* Preview Content */,
				510340F22D777C260050C718 /* Assets.xcassets */,
			);
			path = Resources;
			sourceTree = "<group>";
		};
		510341042D777D000050C718 /* Presentation */ = {
			isa = PBXGroup;
			children = (
				5103410A2D7782830050C718 /* Intent */,
				510341052D777E030050C718 /* Onboarding */,
				5103411B2D7996E40050C718 /* Memo */,
			);
			path = Presentation;
			sourceTree = "<group>";
		};
		510341052D777E030050C718 /* Onboarding */ = {
			isa = PBXGroup;
			children = (
				510341102D7989B00050C718 /* LoadingView.swift */,
				510341062D777E140050C718 /* OnboardingView.swift */,
				510341082D7782670050C718 /* OnboardingStore.swift */,
			);
			path = Onboarding;
			sourceTree = "<group>";
		};
		5103410A2D7782830050C718 /* Intent */ = {
			isa = PBXGroup;
			children = (
				5103410B2D77828C0050C718 /* IntentStore.swift */,
			);
			path = Intent;
			sourceTree = "<group>";
		};
		5103410D2D7782C00050C718 /* DesignSystem */ = {
			isa = PBXGroup;
			children = (
				B9EA53042D7CA2B900A32305 /* Components */,
				B9EA52F12D7C8F4F00A32305 /* Fonts */,
			);
			path = DesignSystem;
			sourceTree = "<group>";
		};
		510341122D7993A90050C718 /* Router */ = {
			isa = PBXGroup;
			children = (
				510341152D7993D60050C718 /* Route.swift */,
				510341172D7993F20050C718 /* Router.swift */,
				510341192D7994130050C718 /* Router + navigate.swift */,
			);
			path = Router;
			sourceTree = "<group>";
		};
		5103411B2D7996E40050C718 /* Memo */ = {
			isa = PBXGroup;
			children = (
				5103411E2D7997130050C718 /* MemoStore.swift */,
				267F6B292D91B7DD0089BD6D /* MemoView.swift */,
				267F6B312D93C4600089BD6D /* MemoCell.swift */,
			);
			path = Memo;
			sourceTree = "<group>";
		};
		510341202D79A5460050C718 /* Data */ = {
			isa = PBXGroup;
			children = (
				26D697AE2D7EC88800AC200C /* CoreData */,
				510341212D79A54F0050C718 /* UserDefaults */,
			);
			path = Data;
			sourceTree = "<group>";
		};
		510341212D79A54F0050C718 /* UserDefaults */ = {
			isa = PBXGroup;
			children = (
				510341242D79A58B0050C718 /* UserDefaultsService.swift */,
				510341262D79A59A0050C718 /* UserDefaultsConstants.swift */,
				510341282D79A5C60050C718 /* UserDefaultsError.swift */,
			);
			path = UserDefaults;
			sourceTree = "<group>";
		};
		5103412A2D79ABB60050C718 /* DIContainer */ = {
			isa = PBXGroup;
			children = (
				5103412B2D79ABC40050C718 /* ViewFactory.swift */,
			);
			path = DIContainer;
			sourceTree = "<group>";
		};
		517FCAC02D7AB29900A250A3 /* Domain */ = {
			isa = PBXGroup;
			children = (
				517FCAC12D7AB2A200A250A3 /* Entity */,
			);
			path = Domain;
			sourceTree = "<group>";
		};
		517FCAC12D7AB2A200A250A3 /* Entity */ = {
			isa = PBXGroup;
			children = (
				517FCAC22D7AB2B100A250A3 /* Memo.swift */,
				517FCAC42D7AB31100A250A3 /* ComfieZone.swift */,
			);
			path = Entity;
			sourceTree = "<group>";
		};
		51A7AFEB2D802AFF00B50D1E /* Localization */ = {
			isa = PBXGroup;
			children = (
				B9EA530D2D7CA5CE00A32305 /* StringLiterals */,
				51A7AFEC2D802B4F00B50D1E /* Localizable.xcstrings */,
				51A7AFF02D802B6200B50D1E /* InfoPlist.xcstrings */,
				51A7AFF62D809DD600B50D1E /* LocalizedStringResource+localized.swift */,
			);
			path = Localization;
			sourceTree = "<group>";
		};
		B9EA52F12D7C8F4F00A32305 /* Fonts */ = {
			isa = PBXGroup;
			children = (
				B9EA52F22D7C8F8A00A32305 /* Pretendard-Bold.otf */,
				B9EA52F32D7C8F8A00A32305 /* Pretendard-Medium.otf */,
				B9EA52F42D7C8F8A00A32305 /* Pretendard-Regular.otf */,
			);
			path = Fonts;
			sourceTree = "<group>";
		};
		B9EA52FE2D7C906D00A32305 /* Extensions */ = {
			isa = PBXGroup;
			children = (
				B9EA52FF2D7C907300A32305 /* View+ComfieFonts.swift */,
				267F6B3D2D94F11A0089BD6D /* Date+String.swift */,
			);
			path = Extensions;
			sourceTree = "<group>";
		};
		B9EA53042D7CA2B900A32305 /* Components */ = {
			isa = PBXGroup;
			children = (
				B9EA53092D7CA50D00A32305 /* CFPopupType.swift */,
				B9EA53052D7CA2C300A32305 /* CFPopupView.swift */,
			);
			path = Components;
			sourceTree = "<group>";
		};
		B9EA530D2D7CA5CE00A32305 /* StringLiterals */ = {
			isa = PBXGroup;
			children = (
				B9EA530E2D7CA5DA00A32305 /* StringLiterals.swift */,
				51A7AFFA2D809E7700B50D1E /* StringLiterals+Popup.swift */,
			);
			path = StringLiterals;
			sourceTree = "<group>";
		};
/* End PBXGroup section */

/* Begin PBXNativeTarget section */
		510340AC2D776EE70050C718 /* COMFIE */ = {
			isa = PBXNativeTarget;
			buildConfigurationList = 510340D12D776EE90050C718 /* Build configuration list for PBXNativeTarget "COMFIE" */;
			buildPhases = (
				510340A92D776EE70050C718 /* Sources */,
				510340AA2D776EE70050C718 /* Frameworks */,
				510340AB2D776EE70050C718 /* Resources */,
				510340EF2D777ACF0050C718 /* SwiftLint Script */,
			);
			buildRules = (
			);
			dependencies = (
			);
			name = COMFIE;
			packageProductDependencies = (
			);
			productName = COMFIE;
			productReference = 510340AD2D776EE70050C718 /* COMFIE.app */;
			productType = "com.apple.product-type.application";
		};
		510340BC2D776EE90050C718 /* COMFIETests */ = {
			isa = PBXNativeTarget;
			buildConfigurationList = 510340D42D776EE90050C718 /* Build configuration list for PBXNativeTarget "COMFIETests" */;
			buildPhases = (
				510340B92D776EE90050C718 /* Sources */,
				510340BA2D776EE90050C718 /* Frameworks */,
				510340BB2D776EE90050C718 /* Resources */,
			);
			buildRules = (
			);
			dependencies = (
				510340BF2D776EE90050C718 /* PBXTargetDependency */,
			);
			name = COMFIETests;
			packageProductDependencies = (
			);
			productName = COMFIETests;
			productReference = 510340BD2D776EE90050C718 /* COMFIETests.xctest */;
			productType = "com.apple.product-type.bundle.unit-test";
		};
		510340C62D776EE90050C718 /* COMFIEUITests */ = {
			isa = PBXNativeTarget;
			buildConfigurationList = 510340D72D776EE90050C718 /* Build configuration list for PBXNativeTarget "COMFIEUITests" */;
			buildPhases = (
				510340C32D776EE90050C718 /* Sources */,
				510340C42D776EE90050C718 /* Frameworks */,
				510340C52D776EE90050C718 /* Resources */,
			);
			buildRules = (
			);
			dependencies = (
				510340C92D776EE90050C718 /* PBXTargetDependency */,
			);
			name = COMFIEUITests;
			packageProductDependencies = (
			);
			productName = COMFIEUITests;
			productReference = 510340C72D776EE90050C718 /* COMFIEUITests.xctest */;
			productType = "com.apple.product-type.bundle.ui-testing";
		};
/* End PBXNativeTarget section */

/* Begin PBXProject section */
		510340A52D776EE70050C718 /* Project object */ = {
			isa = PBXProject;
			attributes = {
				BuildIndependentTargetsInParallel = 1;
				LastSwiftUpdateCheck = 1620;
				LastUpgradeCheck = 1620;
				TargetAttributes = {
					510340AC2D776EE70050C718 = {
						CreatedOnToolsVersion = 16.2;
					};
					510340BC2D776EE90050C718 = {
						CreatedOnToolsVersion = 16.2;
						TestTargetID = 510340AC2D776EE70050C718;
					};
					510340C62D776EE90050C718 = {
						CreatedOnToolsVersion = 16.2;
						TestTargetID = 510340AC2D776EE70050C718;
					};
				};
			};
			buildConfigurationList = 510340A82D776EE70050C718 /* Build configuration list for PBXProject "COMFIE" */;
			developmentRegion = ko;
			hasScannedForEncodings = 0;
			knownRegions = (
				en,
				Base,
				ko,
			);
			mainGroup = 510340A42D776EE70050C718;
			minimizedProjectReferenceProxies = 1;
			preferredProjectObjectVersion = 77;
			productRefGroup = 510340AE2D776EE70050C718 /* Products */;
			projectDirPath = "";
			projectRoot = "";
			targets = (
				510340AC2D776EE70050C718 /* COMFIE */,
				510340BC2D776EE90050C718 /* COMFIETests */,
				510340C62D776EE90050C718 /* COMFIEUITests */,
			);
		};
/* End PBXProject section */

/* Begin PBXResourcesBuildPhase section */
		510340AB2D776EE70050C718 /* Resources */ = {
			isa = PBXResourcesBuildPhase;
			buildActionMask = 2147483647;
			files = (
				510340EE2D777AA40050C718 /* .swiftlint.yml in Resources */,
				510340EA2D776F5F0050C718 /* .gitignore in Resources */,
				51A7AFEE2D802B4F00B50D1E /* Localizable.xcstrings in Resources */,
				51A7AFF32D802B6200B50D1E /* InfoPlist.xcstrings in Resources */,
				B9EA52F52D7C8F8A00A32305 /* Pretendard-Regular.otf in Resources */,
				B9EA52F62D7C8F8A00A32305 /* Pretendard-Bold.otf in Resources */,
				B9EA52F72D7C8F8A00A32305 /* Pretendard-Medium.otf in Resources */,
				510340F62D777C260050C718 /* Preview Assets.xcassets in Resources */,
				510340F72D777C260050C718 /* Assets.xcassets in Resources */,
			);
			runOnlyForDeploymentPostprocessing = 0;
		};
		510340BB2D776EE90050C718 /* Resources */ = {
			isa = PBXResourcesBuildPhase;
			buildActionMask = 2147483647;
			files = (
				B9EA52F82D7C8F8A00A32305 /* Pretendard-Regular.otf in Resources */,
				51A7AFF22D802B6200B50D1E /* InfoPlist.xcstrings in Resources */,
				B9EA52F92D7C8F8A00A32305 /* Pretendard-Bold.otf in Resources */,
				51A7AFEF2D802B4F00B50D1E /* Localizable.xcstrings in Resources */,
				B9EA52FA2D7C8F8A00A32305 /* Pretendard-Medium.otf in Resources */,
			);
			runOnlyForDeploymentPostprocessing = 0;
		};
		510340C52D776EE90050C718 /* Resources */ = {
			isa = PBXResourcesBuildPhase;
			buildActionMask = 2147483647;
			files = (
				B9EA52FB2D7C8F8A00A32305 /* Pretendard-Regular.otf in Resources */,
				51A7AFF12D802B6200B50D1E /* InfoPlist.xcstrings in Resources */,
				B9EA52FC2D7C8F8A00A32305 /* Pretendard-Bold.otf in Resources */,
				51A7AFED2D802B4F00B50D1E /* Localizable.xcstrings in Resources */,
				B9EA52FD2D7C8F8A00A32305 /* Pretendard-Medium.otf in Resources */,
			);
			runOnlyForDeploymentPostprocessing = 0;
		};
/* End PBXResourcesBuildPhase section */

/* Begin PBXShellScriptBuildPhase section */
		510340EF2D777ACF0050C718 /* SwiftLint Script */ = {
			isa = PBXShellScriptBuildPhase;
			alwaysOutOfDate = 1;
			buildActionMask = 2147483647;
			files = (
			);
			inputFileListPaths = (
			);
			inputPaths = (
			);
			name = "SwiftLint Script";
			outputFileListPaths = (
			);
			outputPaths = (
			);
			runOnlyForDeploymentPostprocessing = 0;
			shellPath = /bin/sh;
			shellScript = "if [[ \"$(uname -m)\" == arm64 ]]; then\n    export PATH=\"/opt/homebrew/bin:$PATH\"\nfi\n\nif which swiftlint > /dev/null; then\n  swiftlint\nelse\n  echo \"warning: SwiftLint not installed, download from https://github.com/realm/SwiftLint\"\nfi\n";
		};
/* End PBXShellScriptBuildPhase section */

/* Begin PBXSourcesBuildPhase section */
		510340A92D776EE70050C718 /* Sources */ = {
			isa = PBXSourcesBuildPhase;
			buildActionMask = 2147483647;
			files = (
				26D697BE2D7F43F400AC200C /* ComfieZone+fromEntity.swift in Sources */,
				510341142D7993B80050C718 /* COMFIERoutingView.swift in Sources */,
				26D697BA2D7F3D4700AC200C /* Memo+fromEntity.swift in Sources */,
				5103411F2D7997130050C718 /* MemoStore.swift in Sources */,
				B9EA530A2D7CA51100A32305 /* CFPopupType.swift in Sources */,
				51A7AFFD2D809E7700B50D1E /* StringLiterals+Popup.swift in Sources */,
				510341292D79A5C60050C718 /* UserDefaultsError.swift in Sources */,
				267F6B322D93C4600089BD6D /* MemoCell.swift in Sources */,
				26D697B62D7F2DDF00AC200C /* Memo+toEntity.swift in Sources */,
				26D697B82D7F2DEF00AC200C /* ComfieZone+toEntity.swift in Sources */,
				5103411A2D7994130050C718 /* Router + navigate.swift in Sources */,
				510341072D777E140050C718 /* OnboardingView.swift in Sources */,
				269420F12D8A7D3600CB0837 /* CoreDataTestView.swift in Sources */,
				5103410C2D77828C0050C718 /* IntentStore.swift in Sources */,
				510341182D7993F20050C718 /* Router.swift in Sources */,
				26D697BC2D7F421A00AC200C /* CoreDataError.swift in Sources */,
				26D697B12D7ECA6200AC200C /* UserRecordModel.xcdatamodeld in Sources */,
				510341092D7782670050C718 /* OnboardingStore.swift in Sources */,
				B9EA53072D7CA2CA00A32305 /* CFPopupView.swift in Sources */,
				267F6B2A2D91B7DD0089BD6D /* MemoView.swift in Sources */,
				510341272D79A59A0050C718 /* UserDefaultsConstants.swift in Sources */,
				517FCAC32D7AB2B100A250A3 /* Memo.swift in Sources */,
				26D697B32D7EE39E00AC200C /* CoreDataService.swift in Sources */,
				510341162D7993D60050C718 /* Route.swift in Sources */,
				51A7AFF72D809DD600B50D1E /* LocalizedStringResource+localized.swift in Sources */,
				B9EA53112D7CA5DC00A32305 /* StringLiterals.swift in Sources */,
				267F6B3F2D94F11A0089BD6D /* Date+String.swift in Sources */,
				510340F82D777C260050C718 /* COMFIEApp.swift in Sources */,
				510341112D7989B00050C718 /* LoadingView.swift in Sources */,
				B9EA53002D7C907E00A32305 /* View+ComfieFonts.swift in Sources */,
				510341252D79A58B0050C718 /* UserDefaultsService.swift in Sources */,
				517FCAC52D7AB31100A250A3 /* ComfieZone.swift in Sources */,
				5103412C2D79ABC40050C718 /* ViewFactory.swift in Sources */,
			);
			runOnlyForDeploymentPostprocessing = 0;
		};
		510340B92D776EE90050C718 /* Sources */ = {
			isa = PBXSourcesBuildPhase;
			buildActionMask = 2147483647;
			files = (
				51A7AFF82D809DD600B50D1E /* LocalizedStringResource+localized.swift in Sources */,
				B9EA53012D7C907E00A32305 /* View+ComfieFonts.swift in Sources */,
				51A7AFFC2D809E7700B50D1E /* StringLiterals+Popup.swift in Sources */,
				B9EA530F2D7CA5DC00A32305 /* StringLiterals.swift in Sources */,
				267F6B3E2D94F11A0089BD6D /* Date+String.swift in Sources */,
				B9EA53062D7CA2CA00A32305 /* CFPopupView.swift in Sources */,
				510340FC2D777C290050C718 /* COMFIETests.swift in Sources */,
				B9EA530C2D7CA51100A32305 /* CFPopupType.swift in Sources */,
			);
			runOnlyForDeploymentPostprocessing = 0;
		};
		510340C32D776EE90050C718 /* Sources */ = {
			isa = PBXSourcesBuildPhase;
			buildActionMask = 2147483647;
			files = (
				B9EA53102D7CA5DC00A32305 /* StringLiterals.swift in Sources */,
				B9EA53022D7C907E00A32305 /* View+ComfieFonts.swift in Sources */,
				51A7AFF92D809DD600B50D1E /* LocalizedStringResource+localized.swift in Sources */,
				51A7AFFB2D809E7700B50D1E /* StringLiterals+Popup.swift in Sources */,
				B9EA53082D7CA2CA00A32305 /* CFPopupView.swift in Sources */,
				510341002D777C2B0050C718 /* COMFIEUITests.swift in Sources */,
				B9EA530B2D7CA51100A32305 /* CFPopupType.swift in Sources */,
				267F6B402D94F11A0089BD6D /* Date+String.swift in Sources */,
				510341012D777C2B0050C718 /* COMFIEUITestsLaunchTests.swift in Sources */,
			);
			runOnlyForDeploymentPostprocessing = 0;
		};
/* End PBXSourcesBuildPhase section */

/* Begin PBXTargetDependency section */
		510340BF2D776EE90050C718 /* PBXTargetDependency */ = {
			isa = PBXTargetDependency;
			target = 510340AC2D776EE70050C718 /* COMFIE */;
			targetProxy = 510340BE2D776EE90050C718 /* PBXContainerItemProxy */;
		};
		510340C92D776EE90050C718 /* PBXTargetDependency */ = {
			isa = PBXTargetDependency;
			target = 510340AC2D776EE70050C718 /* COMFIE */;
			targetProxy = 510340C82D776EE90050C718 /* PBXContainerItemProxy */;
		};
/* End PBXTargetDependency section */

/* Begin XCBuildConfiguration section */
		510340CF2D776EE90050C718 /* Debug */ = {
			isa = XCBuildConfiguration;
			buildSettings = {
				ALWAYS_SEARCH_USER_PATHS = NO;
				ASSETCATALOG_COMPILER_GENERATE_SWIFT_ASSET_SYMBOL_EXTENSIONS = YES;
				CLANG_ANALYZER_NONNULL = YES;
				CLANG_ANALYZER_NUMBER_OBJECT_CONVERSION = YES_AGGRESSIVE;
				CLANG_CXX_LANGUAGE_STANDARD = "gnu++20";
				CLANG_ENABLE_MODULES = YES;
				CLANG_ENABLE_OBJC_ARC = YES;
				CLANG_ENABLE_OBJC_WEAK = YES;
				CLANG_WARN_BLOCK_CAPTURE_AUTORELEASING = YES;
				CLANG_WARN_BOOL_CONVERSION = YES;
				CLANG_WARN_COMMA = YES;
				CLANG_WARN_CONSTANT_CONVERSION = YES;
				CLANG_WARN_DEPRECATED_OBJC_IMPLEMENTATIONS = YES;
				CLANG_WARN_DIRECT_OBJC_ISA_USAGE = YES_ERROR;
				CLANG_WARN_DOCUMENTATION_COMMENTS = YES;
				CLANG_WARN_EMPTY_BODY = YES;
				CLANG_WARN_ENUM_CONVERSION = YES;
				CLANG_WARN_INFINITE_RECURSION = YES;
				CLANG_WARN_INT_CONVERSION = YES;
				CLANG_WARN_NON_LITERAL_NULL_CONVERSION = YES;
				CLANG_WARN_OBJC_IMPLICIT_RETAIN_SELF = YES;
				CLANG_WARN_OBJC_LITERAL_CONVERSION = YES;
				CLANG_WARN_OBJC_ROOT_CLASS = YES_ERROR;
				CLANG_WARN_QUOTED_INCLUDE_IN_FRAMEWORK_HEADER = YES;
				CLANG_WARN_RANGE_LOOP_ANALYSIS = YES;
				CLANG_WARN_STRICT_PROTOTYPES = YES;
				CLANG_WARN_SUSPICIOUS_MOVE = YES;
				CLANG_WARN_UNGUARDED_AVAILABILITY = YES_AGGRESSIVE;
				CLANG_WARN_UNREACHABLE_CODE = YES;
				CLANG_WARN__DUPLICATE_METHOD_MATCH = YES;
				COPY_PHASE_STRIP = NO;
				DEBUG_INFORMATION_FORMAT = dwarf;
				ENABLE_STRICT_OBJC_MSGSEND = YES;
				ENABLE_TESTABILITY = YES;
				ENABLE_USER_SCRIPT_SANDBOXING = NO;
				GCC_C_LANGUAGE_STANDARD = gnu17;
				GCC_DYNAMIC_NO_PIC = NO;
				GCC_NO_COMMON_BLOCKS = YES;
				GCC_OPTIMIZATION_LEVEL = 0;
				GCC_PREPROCESSOR_DEFINITIONS = (
					"DEBUG=1",
					"$(inherited)",
				);
				GCC_WARN_64_TO_32_BIT_CONVERSION = YES;
				GCC_WARN_ABOUT_RETURN_TYPE = YES_ERROR;
				GCC_WARN_UNDECLARED_SELECTOR = YES;
				GCC_WARN_UNINITIALIZED_AUTOS = YES_AGGRESSIVE;
				GCC_WARN_UNUSED_FUNCTION = YES;
				GCC_WARN_UNUSED_VARIABLE = YES;
				IPHONEOS_DEPLOYMENT_TARGET = 18.2;
				LOCALIZATION_PREFERS_STRING_CATALOGS = YES;
				MTL_ENABLE_DEBUG_INFO = INCLUDE_SOURCE;
				MTL_FAST_MATH = YES;
				ONLY_ACTIVE_ARCH = YES;
				SDKROOT = iphoneos;
				SWIFT_ACTIVE_COMPILATION_CONDITIONS = "DEBUG $(inherited)";
				SWIFT_EMIT_LOC_STRINGS = YES;
				SWIFT_OPTIMIZATION_LEVEL = "-Onone";
			};
			name = Debug;
		};
		510340D02D776EE90050C718 /* Release */ = {
			isa = XCBuildConfiguration;
			buildSettings = {
				ALWAYS_SEARCH_USER_PATHS = NO;
				ASSETCATALOG_COMPILER_GENERATE_SWIFT_ASSET_SYMBOL_EXTENSIONS = YES;
				CLANG_ANALYZER_NONNULL = YES;
				CLANG_ANALYZER_NUMBER_OBJECT_CONVERSION = YES_AGGRESSIVE;
				CLANG_CXX_LANGUAGE_STANDARD = "gnu++20";
				CLANG_ENABLE_MODULES = YES;
				CLANG_ENABLE_OBJC_ARC = YES;
				CLANG_ENABLE_OBJC_WEAK = YES;
				CLANG_WARN_BLOCK_CAPTURE_AUTORELEASING = YES;
				CLANG_WARN_BOOL_CONVERSION = YES;
				CLANG_WARN_COMMA = YES;
				CLANG_WARN_CONSTANT_CONVERSION = YES;
				CLANG_WARN_DEPRECATED_OBJC_IMPLEMENTATIONS = YES;
				CLANG_WARN_DIRECT_OBJC_ISA_USAGE = YES_ERROR;
				CLANG_WARN_DOCUMENTATION_COMMENTS = YES;
				CLANG_WARN_EMPTY_BODY = YES;
				CLANG_WARN_ENUM_CONVERSION = YES;
				CLANG_WARN_INFINITE_RECURSION = YES;
				CLANG_WARN_INT_CONVERSION = YES;
				CLANG_WARN_NON_LITERAL_NULL_CONVERSION = YES;
				CLANG_WARN_OBJC_IMPLICIT_RETAIN_SELF = YES;
				CLANG_WARN_OBJC_LITERAL_CONVERSION = YES;
				CLANG_WARN_OBJC_ROOT_CLASS = YES_ERROR;
				CLANG_WARN_QUOTED_INCLUDE_IN_FRAMEWORK_HEADER = YES;
				CLANG_WARN_RANGE_LOOP_ANALYSIS = YES;
				CLANG_WARN_STRICT_PROTOTYPES = YES;
				CLANG_WARN_SUSPICIOUS_MOVE = YES;
				CLANG_WARN_UNGUARDED_AVAILABILITY = YES_AGGRESSIVE;
				CLANG_WARN_UNREACHABLE_CODE = YES;
				CLANG_WARN__DUPLICATE_METHOD_MATCH = YES;
				COPY_PHASE_STRIP = NO;
				DEBUG_INFORMATION_FORMAT = "dwarf-with-dsym";
				ENABLE_NS_ASSERTIONS = NO;
				ENABLE_STRICT_OBJC_MSGSEND = YES;
				ENABLE_USER_SCRIPT_SANDBOXING = NO;
				GCC_C_LANGUAGE_STANDARD = gnu17;
				GCC_NO_COMMON_BLOCKS = YES;
				GCC_WARN_64_TO_32_BIT_CONVERSION = YES;
				GCC_WARN_ABOUT_RETURN_TYPE = YES_ERROR;
				GCC_WARN_UNDECLARED_SELECTOR = YES;
				GCC_WARN_UNINITIALIZED_AUTOS = YES_AGGRESSIVE;
				GCC_WARN_UNUSED_FUNCTION = YES;
				GCC_WARN_UNUSED_VARIABLE = YES;
				IPHONEOS_DEPLOYMENT_TARGET = 18.2;
				LOCALIZATION_PREFERS_STRING_CATALOGS = YES;
				MTL_ENABLE_DEBUG_INFO = NO;
				MTL_FAST_MATH = YES;
				SDKROOT = iphoneos;
				SWIFT_COMPILATION_MODE = wholemodule;
				SWIFT_EMIT_LOC_STRINGS = YES;
				VALIDATE_PRODUCT = YES;
			};
			name = Release;
		};
		510340D22D776EE90050C718 /* Debug */ = {
			isa = XCBuildConfiguration;
			buildSettings = {
				ASSETCATALOG_COMPILER_APPICON_NAME = AppIcon;
				ASSETCATALOG_COMPILER_GLOBAL_ACCENT_COLOR_NAME = AccentColor;
				CODE_SIGN_ENTITLEMENTS = COMFIE/COMFIE.entitlements;
				CODE_SIGN_STYLE = Automatic;
				CURRENT_PROJECT_VERSION = 1;
				DEVELOPMENT_ASSET_PATHS = "\"COMFIE/Resources/Preview Content\"";
				DEVELOPMENT_TEAM = 99KH3TLG9V;
				ENABLE_PREVIEWS = YES;
				GENERATE_INFOPLIST_FILE = YES;
				INFOPLIST_FILE = COMFIE/Info.plist;
				INFOPLIST_KEY_UIApplicationSceneManifest_Generation = YES;
				INFOPLIST_KEY_UIApplicationSupportsIndirectInputEvents = YES;
				INFOPLIST_KEY_UILaunchScreen_Generation = YES;
				INFOPLIST_KEY_UISupportedInterfaceOrientations = "UIInterfaceOrientationLandscapeLeft UIInterfaceOrientationLandscapeRight UIInterfaceOrientationPortrait";
				INFOPLIST_KEY_UISupportedInterfaceOrientations_iPad = "UIInterfaceOrientationLandscapeLeft UIInterfaceOrientationLandscapeRight UIInterfaceOrientationPortrait UIInterfaceOrientationPortraitUpsideDown";
				INFOPLIST_KEY_UIUserInterfaceStyle = Light;
				IPHONEOS_DEPLOYMENT_TARGET = 17.0;
				LD_RUNPATH_SEARCH_PATHS = (
					"$(inherited)",
					"@executable_path/Frameworks",
				);
				MARKETING_VERSION = 1.0.0;
				PRODUCT_BUNDLE_IDENTIFIER = com.HITBS.COMFIE;
				PRODUCT_NAME = "$(TARGET_NAME)";
				SWIFT_EMIT_LOC_STRINGS = YES;
				SWIFT_VERSION = 5.0;
				TARGETED_DEVICE_FAMILY = "1,2";
			};
			name = Debug;
		};
		510340D32D776EE90050C718 /* Release */ = {
			isa = XCBuildConfiguration;
			buildSettings = {
				ASSETCATALOG_COMPILER_APPICON_NAME = AppIcon;
				ASSETCATALOG_COMPILER_GLOBAL_ACCENT_COLOR_NAME = AccentColor;
				CODE_SIGN_ENTITLEMENTS = COMFIE/COMFIE.entitlements;
				CODE_SIGN_STYLE = Automatic;
				CURRENT_PROJECT_VERSION = 1;
				DEVELOPMENT_ASSET_PATHS = "\"COMFIE/Resources/Preview Content\"";
				DEVELOPMENT_TEAM = 99KH3TLG9V;
				ENABLE_PREVIEWS = YES;
				GENERATE_INFOPLIST_FILE = YES;
				INFOPLIST_FILE = COMFIE/Info.plist;
				INFOPLIST_KEY_UIApplicationSceneManifest_Generation = YES;
				INFOPLIST_KEY_UIApplicationSupportsIndirectInputEvents = YES;
				INFOPLIST_KEY_UILaunchScreen_Generation = YES;
				INFOPLIST_KEY_UISupportedInterfaceOrientations = "UIInterfaceOrientationLandscapeLeft UIInterfaceOrientationLandscapeRight UIInterfaceOrientationPortrait";
				INFOPLIST_KEY_UISupportedInterfaceOrientations_iPad = "UIInterfaceOrientationLandscapeLeft UIInterfaceOrientationLandscapeRight UIInterfaceOrientationPortrait UIInterfaceOrientationPortraitUpsideDown";
				INFOPLIST_KEY_UIUserInterfaceStyle = Light;
				IPHONEOS_DEPLOYMENT_TARGET = 17.0;
				LD_RUNPATH_SEARCH_PATHS = (
					"$(inherited)",
					"@executable_path/Frameworks",
				);
				MARKETING_VERSION = 1.0.0;
				PRODUCT_BUNDLE_IDENTIFIER = com.HITBS.COMFIE;
				PRODUCT_NAME = "$(TARGET_NAME)";
				SWIFT_EMIT_LOC_STRINGS = YES;
				SWIFT_VERSION = 5.0;
				TARGETED_DEVICE_FAMILY = "1,2";
			};
			name = Release;
		};
		510340D52D776EE90050C718 /* Debug */ = {
			isa = XCBuildConfiguration;
			buildSettings = {
				BUNDLE_LOADER = "$(TEST_HOST)";
				CODE_SIGN_STYLE = Automatic;
				CURRENT_PROJECT_VERSION = 1;
				DEVELOPMENT_TEAM = 99KH3TLG9V;
				GENERATE_INFOPLIST_FILE = YES;
				IPHONEOS_DEPLOYMENT_TARGET = 18.2;
				MARKETING_VERSION = 1.0;
				PRODUCT_BUNDLE_IDENTIFIER = com.HITBS.COMFIE;
				PRODUCT_NAME = "$(TARGET_NAME)";
				SWIFT_EMIT_LOC_STRINGS = NO;
				SWIFT_VERSION = 5.0;
				TARGETED_DEVICE_FAMILY = "1,2";
				TEST_HOST = "$(BUILT_PRODUCTS_DIR)/COMFIE.app/$(BUNDLE_EXECUTABLE_FOLDER_PATH)/COMFIE";
			};
			name = Debug;
		};
		510340D62D776EE90050C718 /* Release */ = {
			isa = XCBuildConfiguration;
			buildSettings = {
				BUNDLE_LOADER = "$(TEST_HOST)";
				CODE_SIGN_STYLE = Automatic;
				CURRENT_PROJECT_VERSION = 1;
				DEVELOPMENT_TEAM = 99KH3TLG9V;
				GENERATE_INFOPLIST_FILE = YES;
				IPHONEOS_DEPLOYMENT_TARGET = 18.2;
				MARKETING_VERSION = 1.0;
				PRODUCT_BUNDLE_IDENTIFIER = com.HITBS.COMFIE;
				PRODUCT_NAME = "$(TARGET_NAME)";
				SWIFT_EMIT_LOC_STRINGS = NO;
				SWIFT_VERSION = 5.0;
				TARGETED_DEVICE_FAMILY = "1,2";
				TEST_HOST = "$(BUILT_PRODUCTS_DIR)/COMFIE.app/$(BUNDLE_EXECUTABLE_FOLDER_PATH)/COMFIE";
			};
			name = Release;
		};
		510340D82D776EE90050C718 /* Debug */ = {
			isa = XCBuildConfiguration;
			buildSettings = {
				CODE_SIGN_STYLE = Automatic;
				CURRENT_PROJECT_VERSION = 1;
				DEVELOPMENT_TEAM = 99KH3TLG9V;
				GENERATE_INFOPLIST_FILE = YES;
				MARKETING_VERSION = 1.0;
				PRODUCT_BUNDLE_IDENTIFIER = com.HITBS.COMFIE;
				PRODUCT_NAME = "$(TARGET_NAME)";
				SWIFT_EMIT_LOC_STRINGS = NO;
				SWIFT_VERSION = 5.0;
				TARGETED_DEVICE_FAMILY = "1,2";
				TEST_TARGET_NAME = COMFIE;
			};
			name = Debug;
		};
		510340D92D776EE90050C718 /* Release */ = {
			isa = XCBuildConfiguration;
			buildSettings = {
				CODE_SIGN_STYLE = Automatic;
				CURRENT_PROJECT_VERSION = 1;
				DEVELOPMENT_TEAM = 99KH3TLG9V;
				GENERATE_INFOPLIST_FILE = YES;
				MARKETING_VERSION = 1.0;
				PRODUCT_BUNDLE_IDENTIFIER = com.HITBS.COMFIE;
				PRODUCT_NAME = "$(TARGET_NAME)";
				SWIFT_EMIT_LOC_STRINGS = NO;
				SWIFT_VERSION = 5.0;
				TARGETED_DEVICE_FAMILY = "1,2";
				TEST_TARGET_NAME = COMFIE;
			};
			name = Release;
		};
/* End XCBuildConfiguration section */

/* Begin XCConfigurationList section */
		510340A82D776EE70050C718 /* Build configuration list for PBXProject "COMFIE" */ = {
			isa = XCConfigurationList;
			buildConfigurations = (
				510340CF2D776EE90050C718 /* Debug */,
				510340D02D776EE90050C718 /* Release */,
			);
			defaultConfigurationIsVisible = 0;
			defaultConfigurationName = Release;
		};
		510340D12D776EE90050C718 /* Build configuration list for PBXNativeTarget "COMFIE" */ = {
			isa = XCConfigurationList;
			buildConfigurations = (
				510340D22D776EE90050C718 /* Debug */,
				510340D32D776EE90050C718 /* Release */,
			);
			defaultConfigurationIsVisible = 0;
			defaultConfigurationName = Release;
		};
		510340D42D776EE90050C718 /* Build configuration list for PBXNativeTarget "COMFIETests" */ = {
			isa = XCConfigurationList;
			buildConfigurations = (
				510340D52D776EE90050C718 /* Debug */,
				510340D62D776EE90050C718 /* Release */,
			);
			defaultConfigurationIsVisible = 0;
			defaultConfigurationName = Release;
		};
		510340D72D776EE90050C718 /* Build configuration list for PBXNativeTarget "COMFIEUITests" */ = {
			isa = XCConfigurationList;
			buildConfigurations = (
				510340D82D776EE90050C718 /* Debug */,
				510340D92D776EE90050C718 /* Release */,
			);
			defaultConfigurationIsVisible = 0;
			defaultConfigurationName = Release;
		};
/* End XCConfigurationList section */

/* Begin XCVersionGroup section */
		26D697AF2D7ECA6200AC200C /* UserRecordModel.xcdatamodeld */ = {
			isa = XCVersionGroup;
			children = (
				26D697B02D7ECA6200AC200C /* UserRecordModel.xcdatamodel */,
			);
			currentVersion = 26D697B02D7ECA6200AC200C /* UserRecordModel.xcdatamodel */;
			path = UserRecordModel.xcdatamodeld;
			sourceTree = "<group>";
			versionGroupType = wrapper.xcdatamodel;
		};
/* End XCVersionGroup section */
	};
	rootObject = 510340A52D776EE70050C718 /* Project object */;
}
